
Microsoft Visual Studio Solution File, Format Version 12.00
# Visual Studio Version 17
VisualStudioVersion = 17.1.32228.430
MinimumVisualStudioVersion = 10.0.40219.1
Project("{FAE04EC0-301F-11D3-BF4B-00C04F79EFBC}") = "AdminPresentationLayer", "AdminPresentationLayer\AdminPresentationLayer.csproj", "{156599AF-754B-4ECE-9D9C-F1E0405CD4A3}"
EndProject
Project("{FAE04EC0-301F-11D3-BF4B-00C04F79EFBC}") = "EntityLayer", "EntityLayer\EntityLayer.csproj", "{875D460E-9634-461A-95FE-31A166D697A9}"
EndProject
Project("{FAE04EC0-301F-11D3-BF4B-00C04F79EFBC}") = "DataLayer", "DataLayer\DataLayer.csproj", "{386B0AA6-8243-49CB-9483-027621FE4665}"
EndProject
Project("{FAE04EC0-301F-11D3-BF4B-00C04F79EFBC}") = "BusinessLayer", "BusinessLayer\BusinessLayer.csproj", "{B043374D-BE18-4693-B347-3D3729F22BE4}"
EndProject
Global
	GlobalSection(SolutionConfigurationPlatforms) = preSolution
		Debug|Any CPU = Debug|Any CPU
		Release|Any CPU = Release|Any CPU
	EndGlobalSection
	GlobalSection(ProjectConfigurationPlatforms) = postSolution
		{156599AF-754B-4ECE-9D9C-F1E0405CD4A3}.Debug|Any CPU.ActiveCfg = Debug|Any CPU
		{156599AF-754B-4ECE-9D9C-F1E0405CD4A3}.Debug|Any CPU.Build.0 = Debug|Any CPU
		{156599AF-754B-4ECE-9D9C-F1E0405CD4A3}.Release|Any CPU.ActiveCfg = Release|Any CPU
		{156599AF-754B-4ECE-9D9C-F1E0405CD4A3}.Release|Any CPU.Build.0 = Release|Any CPU
		{875D460E-9634-461A-95FE-31A166D697A9}.Debug|Any CPU.ActiveCfg = Debug|Any CPU
		{875D460E-9634-461A-95FE-31A166D697A9}.Debug|Any CPU.Build.0 = Debug|Any CPU
		{875D460E-9634-461A-95FE-31A166D697A9}.Release|Any CPU.ActiveCfg = Release|Any CPU
		{875D460E-9634-461A-95FE-31A166D697A9}.Release|Any CPU.Build.0 = Release|Any CPU
		{386B0AA6-8243-49CB-9483-027621FE4665}.Debug|Any CPU.ActiveCfg = Debug|Any CPU
		{386B0AA6-8243-49CB-9483-027621FE4665}.Debug|Any CPU.Build.0 = Debug|Any CPU
		{386B0AA6-8243-49CB-9483-027621FE4665}.Release|Any CPU.ActiveCfg = Release|Any CPU
		{386B0AA6-8243-49CB-9483-027621FE4665}.Release|Any CPU.Build.0 = Release|Any CPU
		{B043374D-BE18-4693-B347-3D3729F22BE4}.Debug|Any CPU.ActiveCfg = Debug|Any CPU
		{B043374D-BE18-4693-B347-3D3729F22BE4}.Debug|Any CPU.Build.0 = Debug|Any CPU
		{B043374D-BE18-4693-B347-3D3729F22BE4}.Release|Any CPU.ActiveCfg = Release|Any CPU
		{B043374D-BE18-4693-B347-3D3729F22BE4}.Release|Any CPU.Build.0 = Release|Any CPU
	EndGlobalSection
	GlobalSection(SolutionProperties) = preSolution
		HideSolutionNode = FALSE
	EndGlobalSection
	GlobalSection(ExtensibilityGlobals) = postSolution
		SolutionGuid = {93C33272-A3F5-4ABC-98CD-8D44941FC0E2}
	EndGlobalSection
EndGlobal
